
Microsoft Visual Studio Solution File, Format Version 12.00
# Visual Studio Version 17
VisualStudioVersion = 17.4.33213.308
MinimumVisualStudioVersion = 10.0.40219.1
Project("{FAE04EC0-301F-11D3-BF4B-00C04F79EFBC}") = "Homework2", "WebAppMVC1\Homework2.csproj", "{B138611D-9DD8-4058-A4ED-B80EA2867984}"
EndProject
Global
	GlobalSection(SolutionConfigurationPlatforms) = preSolution
		Debug|Any CPU = Debug|Any CPU
		Release|Any CPU = Release|Any CPU
	EndGlobalSection
	GlobalSection(ProjectConfigurationPlatforms) = postSolution
		{B138611D-9DD8-4058-A4ED-B80EA2867984}.Debug|Any CPU.ActiveCfg = Debug|Any CPU
		{B138611D-9DD8-4058-A4ED-B80EA2867984}.Debug|Any CPU.Build.0 = Debug|Any CPU
		{B138611D-9DD8-4058-A4ED-B80EA2867984}.Release|Any CPU.ActiveCfg = Release|Any CPU
		{B138611D-9DD8-4058-A4ED-B80EA2867984}.Release|Any CPU.Build.0 = Release|Any CPU
	EndGlobalSection
	GlobalSection(SolutionProperties) = preSolution
		HideSolutionNode = FALSE
	EndGlobalSection
	GlobalSection(ExtensibilityGlobals) = postSolution
		SolutionGuid = {CCD47F37-087B-4F5C-8396-5B20BACAD617}
	EndGlobalSection
EndGlobal
